
Microsoft Visual Studio Solution File, Format Version 12.00
# Visual Studio Version 16
VisualStudioVersion = 16.0.31005.135
MinimumVisualStudioVersion = 10.0.40219.1
Project("{9A19103F-16F7-4668-BE54-9A1E7A4F7556}") = "Assignment6_DevynSmith_Section3", "Assignment6_DevynSmith_Section3.csproj", "{450D385D-FFC0-4182-86B0-03EBB8A92C87}"
EndProject
Global
	GlobalSection(SolutionConfigurationPlatforms) = preSolution
		Debug|Any CPU = Debug|Any CPU
		Release|Any CPU = Release|Any CPU
	EndGlobalSection
	GlobalSection(ProjectConfigurationPlatforms) = postSolution
		{450D385D-FFC0-4182-86B0-03EBB8A92C87}.Debug|Any CPU.ActiveCfg = Debug|Any CPU
		{450D385D-FFC0-4182-86B0-03EBB8A92C87}.Debug|Any CPU.Build.0 = Debug|Any CPU
		{450D385D-FFC0-4182-86B0-03EBB8A92C87}.Release|Any CPU.ActiveCfg = Release|Any CPU
		{450D385D-FFC0-4182-86B0-03EBB8A92C87}.Release|Any CPU.Build.0 = Release|Any CPU
	EndGlobalSection
	GlobalSection(SolutionProperties) = preSolution
		HideSolutionNode = FALSE
	EndGlobalSection
	GlobalSection(ExtensibilityGlobals) = postSolution
		SolutionGuid = {0FC3BE94-6983-4F5B-9F96-46735E3F63BE}
	EndGlobalSection
EndGlobal
